
Microsoft Visual Studio Solution File, Format Version 12.00
# Visual Studio Version 16
VisualStudioVersion = 16.0.32510.428
MinimumVisualStudioVersion = 10.0.40219.1
Project("{FAE04EC0-301F-11D3-BF4B-00C04F79EFBC}") = "Projecto19", "Projecto19\Projecto19.csproj", "{73E2E4F0-37CF-4357-B624-17E0E635CC40}"
EndProject
Global
	GlobalSection(SolutionConfigurationPlatforms) = preSolution
		Debug|Any CPU = Debug|Any CPU
		Release|Any CPU = Release|Any CPU
	EndGlobalSection
	GlobalSection(ProjectConfigurationPlatforms) = postSolution
		{73E2E4F0-37CF-4357-B624-17E0E635CC40}.Debug|Any CPU.ActiveCfg = Debug|Any CPU
		{73E2E4F0-37CF-4357-B624-17E0E635CC40}.Debug|Any CPU.Build.0 = Debug|Any CPU
		{73E2E4F0-37CF-4357-B624-17E0E635CC40}.Release|Any CPU.ActiveCfg = Release|Any CPU
		{73E2E4F0-37CF-4357-B624-17E0E635CC40}.Release|Any CPU.Build.0 = Release|Any CPU
	EndGlobalSection
	GlobalSection(SolutionProperties) = preSolution
		HideSolutionNode = FALSE
	EndGlobalSection
	GlobalSection(ExtensibilityGlobals) = postSolution
		SolutionGuid = {73946C75-952B-4A65-9A37-A7E730F0C95F}
	EndGlobalSection
EndGlobal
